
Microsoft Visual Studio Solution File, Format Version 11.00
# Visual Studio 2010
# SharpDevelop 5.1
Project("{FAE04EC0-301F-11D3-BF4B-00C04F79EFBC}") = "SOLAR_APP", "SOLAR_APP\SOLAR_APP.csproj", "{9965B0B8-4CF5-44A4-8E7C-06F89EC10B81}"
EndProject
Global
	GlobalSection(SolutionConfigurationPlatforms) = preSolution
		Debug|Any CPU = Debug|Any CPU
		Release|Any CPU = Release|Any CPU
	EndGlobalSection
	GlobalSection(ProjectConfigurationPlatforms) = postSolution
		{9965B0B8-4CF5-44A4-8E7C-06F89EC10B81}.Debug|Any CPU.ActiveCfg = Debug|Any CPU
		{9965B0B8-4CF5-44A4-8E7C-06F89EC10B81}.Debug|Any CPU.Build.0 = Debug|Any CPU
		{9965B0B8-4CF5-44A4-8E7C-06F89EC10B81}.Release|Any CPU.ActiveCfg = Release|Any CPU
		{9965B0B8-4CF5-44A4-8E7C-06F89EC10B81}.Release|Any CPU.Build.0 = Release|Any CPU
	EndGlobalSection
EndGlobal
